
Microsoft Visual Studio Solution File, Format Version 12.00
# Visual Studio Version 16
VisualStudioVersion = 16.0.29411.108
MinimumVisualStudioVersion = 10.0.40219.1
Project("{2150E333-8FDC-42A3-9474-1A3956D46DE8}") = "1 - Presentation", "1 - Presentation", "{F38AAF72-4AB5-4CE1-9D7D-D7DBB87CE85C}"
EndProject
Project("{2150E333-8FDC-42A3-9474-1A3956D46DE8}") = "2 - Services", "2 - Services", "{E5AAA2A4-D2CF-4E30-98E3-14F43A438A99}"
EndProject
Project("{2150E333-8FDC-42A3-9474-1A3956D46DE8}") = "3 - Application", "3 - Application", "{65A3DF9F-0B95-4B0E-A140-A5CB8921EA09}"
EndProject
Project("{2150E333-8FDC-42A3-9474-1A3956D46DE8}") = "4 - Domain", "4 - Domain", "{F0A67022-9980-426E-A50E-B93FF5326175}"
EndProject
Project("{2150E333-8FDC-42A3-9474-1A3956D46DE8}") = "5 - Infra", "5 - Infra", "{C3BA3997-0DCA-43A8-880F-CEF9062082C5}"
EndProject
Project("{2150E333-8FDC-42A3-9474-1A3956D46DE8}") = "5.1 - Data", "5.1 - Data", "{CC4AA349-9EAB-41D6-B10D-1A3062963EF9}"
EndProject
Project("{2150E333-8FDC-42A3-9474-1A3956D46DE8}") = "5.2 - CrossCutting", "5.2 - CrossCutting", "{F836504A-8731-4FFF-9700-72C1EE092CAC}"
EndProject
Project("{FAE04EC0-301F-11D3-BF4B-00C04F79EFBC}") = "EP.CursoMvc.Domain", "src\EP.CursoMvc.Domain\EP.CursoMvc.Domain.csproj", "{07F88002-4C5E-45EA-A807-66D0BD121436}"
EndProject
Project("{FAE04EC0-301F-11D3-BF4B-00C04F79EFBC}") = "EP.CursoMvc.Infra.Data", "src\EP.CursoMvc.Infra.Data\EP.CursoMvc.Infra.Data.csproj", "{EDD0F312-F6C2-49CC-ABAE-54AF0FB0037D}"
EndProject
Project("{FAE04EC0-301F-11D3-BF4B-00C04F79EFBC}") = "EP.CursoMvc.Application", "EP.CursoMvc.Application\EP.CursoMvc.Application.csproj", "{CAAE47A0-53FB-4123-95D9-012F08462D31}"
EndProject
Project("{FAE04EC0-301F-11D3-BF4B-00C04F79EFBC}") = "EP.CursoMvc.UI.Site", "src\EP.CursoMvc.UI.Site\EP.CursoMvc.UI.Site.csproj", "{2F308715-9D8F-4B12-85C9-1656AC6B4791}"
EndProject
Project("{FAE04EC0-301F-11D3-BF4B-00C04F79EFBC}") = "EP.CursoMvc.Infra.CrossCutting.MvcFilters", "src\EP.CursoMvc.Infra.CrossCutting.MvcFilters\EP.CursoMvc.Infra.CrossCutting.MvcFilters.csproj", "{F265D423-AAB4-46F4-A039-A037464AE955}"
EndProject
Project("{FAE04EC0-301F-11D3-BF4B-00C04F79EFBC}") = "EP.CursoMvc.Infra.CrossCutting.IoC", "src\EP.CursoMvc.Infra.CrossCutting.IoC\EP.CursoMvc.Infra.CrossCutting.IoC.csproj", "{82B8C256-6D77-4E34-82EF-1E68FBC6189C}"
EndProject
Global
	GlobalSection(SolutionConfigurationPlatforms) = preSolution
		Debug|Any CPU = Debug|Any CPU
		Release|Any CPU = Release|Any CPU
	EndGlobalSection
	GlobalSection(ProjectConfigurationPlatforms) = postSolution
		{07F88002-4C5E-45EA-A807-66D0BD121436}.Debug|Any CPU.ActiveCfg = Debug|Any CPU
		{07F88002-4C5E-45EA-A807-66D0BD121436}.Debug|Any CPU.Build.0 = Debug|Any CPU
		{07F88002-4C5E-45EA-A807-66D0BD121436}.Release|Any CPU.ActiveCfg = Release|Any CPU
		{07F88002-4C5E-45EA-A807-66D0BD121436}.Release|Any CPU.Build.0 = Release|Any CPU
		{EDD0F312-F6C2-49CC-ABAE-54AF0FB0037D}.Debug|Any CPU.ActiveCfg = Debug|Any CPU
		{EDD0F312-F6C2-49CC-ABAE-54AF0FB0037D}.Debug|Any CPU.Build.0 = Debug|Any CPU
		{EDD0F312-F6C2-49CC-ABAE-54AF0FB0037D}.Release|Any CPU.ActiveCfg = Release|Any CPU
		{EDD0F312-F6C2-49CC-ABAE-54AF0FB0037D}.Release|Any CPU.Build.0 = Release|Any CPU
		{CAAE47A0-53FB-4123-95D9-012F08462D31}.Debug|Any CPU.ActiveCfg = Debug|Any CPU
		{CAAE47A0-53FB-4123-95D9-012F08462D31}.Debug|Any CPU.Build.0 = Debug|Any CPU
		{CAAE47A0-53FB-4123-95D9-012F08462D31}.Release|Any CPU.ActiveCfg = Release|Any CPU
		{CAAE47A0-53FB-4123-95D9-012F08462D31}.Release|Any CPU.Build.0 = Release|Any CPU
		{2F308715-9D8F-4B12-85C9-1656AC6B4791}.Debug|Any CPU.ActiveCfg = Debug|Any CPU
		{2F308715-9D8F-4B12-85C9-1656AC6B4791}.Debug|Any CPU.Build.0 = Debug|Any CPU
		{2F308715-9D8F-4B12-85C9-1656AC6B4791}.Release|Any CPU.ActiveCfg = Release|Any CPU
		{2F308715-9D8F-4B12-85C9-1656AC6B4791}.Release|Any CPU.Build.0 = Release|Any CPU
		{F265D423-AAB4-46F4-A039-A037464AE955}.Debug|Any CPU.ActiveCfg = Debug|Any CPU
		{F265D423-AAB4-46F4-A039-A037464AE955}.Debug|Any CPU.Build.0 = Debug|Any CPU
		{F265D423-AAB4-46F4-A039-A037464AE955}.Release|Any CPU.ActiveCfg = Release|Any CPU
		{F265D423-AAB4-46F4-A039-A037464AE955}.Release|Any CPU.Build.0 = Release|Any CPU
		{82B8C256-6D77-4E34-82EF-1E68FBC6189C}.Debug|Any CPU.ActiveCfg = Debug|Any CPU
		{82B8C256-6D77-4E34-82EF-1E68FBC6189C}.Debug|Any CPU.Build.0 = Debug|Any CPU
		{82B8C256-6D77-4E34-82EF-1E68FBC6189C}.Release|Any CPU.ActiveCfg = Release|Any CPU
		{82B8C256-6D77-4E34-82EF-1E68FBC6189C}.Release|Any CPU.Build.0 = Release|Any CPU
	EndGlobalSection
	GlobalSection(SolutionProperties) = preSolution
		HideSolutionNode = FALSE
	EndGlobalSection
	GlobalSection(NestedProjects) = preSolution
		{CC4AA349-9EAB-41D6-B10D-1A3062963EF9} = {C3BA3997-0DCA-43A8-880F-CEF9062082C5}
		{F836504A-8731-4FFF-9700-72C1EE092CAC} = {C3BA3997-0DCA-43A8-880F-CEF9062082C5}
		{07F88002-4C5E-45EA-A807-66D0BD121436} = {F0A67022-9980-426E-A50E-B93FF5326175}
		{EDD0F312-F6C2-49CC-ABAE-54AF0FB0037D} = {CC4AA349-9EAB-41D6-B10D-1A3062963EF9}
		{CAAE47A0-53FB-4123-95D9-012F08462D31} = {65A3DF9F-0B95-4B0E-A140-A5CB8921EA09}
		{2F308715-9D8F-4B12-85C9-1656AC6B4791} = {F38AAF72-4AB5-4CE1-9D7D-D7DBB87CE85C}
		{F265D423-AAB4-46F4-A039-A037464AE955} = {F836504A-8731-4FFF-9700-72C1EE092CAC}
		{82B8C256-6D77-4E34-82EF-1E68FBC6189C} = {F836504A-8731-4FFF-9700-72C1EE092CAC}
	EndGlobalSection
	GlobalSection(ExtensibilityGlobals) = postSolution
		SolutionGuid = {40BBB111-DB7B-45AE-ACBC-9E371D62D930}
	EndGlobalSection
EndGlobal
